{
    "_meta": {
        "hash": {
            "sha256": "e74219a82548d1902f690ca6348600096678733cd42cfb7ea965400cc74eed1b"
        },
        "pipfile-spec": 6,
        "requires": {
            "python_version": "3.7"
        },
        "sources": [
            {
                "name": "pypi",
                "url": "https://pypi.org/simple",
                "verify_ssl": true
            }
        ]
    },
    "default": {
        "parse": {
            "hashes": [
                "sha256:9dd6048ea212cd032a342f9f6aa2b7bc222f7407c7e37bdc2777fecd36897437",
                "sha256:aa6d7deebaf08de809621d4b550b0f08d6cbe4dc262d8db6628950018666eaea"
            ],
            "index": "pypi",
            "version": "==1.9.0"
        },
        "pathlib": {
            "hashes": [
                "sha256:6940718dfc3eff4258203ad5021090933e5c04707d5ca8cc9e73c94a7894ea9f"
            ],
            "index": "pypi",
            "version": "==1.0.1"
        }
    },
    "develop": {}
}
